// !$*UTF8*$!
{
	archiveVersion = 1;
	classes = {
	};
	objectVersion = 46;
	objects = {

/* Begin PBXBuildFile section */
		0EA650A41B0CC25C00CA1BB2 /* AppDelegate.m in Sources */ = {isa = PBXBuildFile; fileRef = 0EA6509A1B0CC25C00CA1BB2 /* AppDelegate.m */; };
		0EA650A51B0CC25C00CA1BB2 /* LaunchScreen.xib in Resources */ = {isa = PBXBuildFile; fileRef = 0EA6509B1B0CC25C00CA1BB2 /* LaunchScreen.xib */; };
		0EA650A61B0CC25C00CA1BB2 /* Main.storyboard in Resources */ = {isa = PBXBuildFile; fileRef = 0EA6509D1B0CC25C00CA1BB2 /* Main.storyboard */; };
		0EA650A71B0CC25C00CA1BB2 /* NotDefault.xcassets in Resources */ = {isa = PBXBuildFile; fileRef = 0EA6509F1B0CC25C00CA1BB2 /* NotDefault.xcassets */; };
		0EA650A81B0CC25C00CA1BB2 /* Info.plist in Resources */ = {isa = PBXBuildFile; fileRef = 0EA650A01B0CC25C00CA1BB2 /* Info.plist */; };
		0EA650A91B0CC25C00CA1BB2 /* main.m in Sources */ = {isa = PBXBuildFile; fileRef = 0EA650A11B0CC25C00CA1BB2 /* main.m */; };
		0EA650AA1B0CC25C00CA1BB2 /* ViewController.m in Sources */ = {isa = PBXBuildFile; fileRef = 0EA650A31B0CC25C00CA1BB2 /* ViewController.m */; };
		0EA650AC1B0CC2A000CA1BB2 /* Secondary.xcassets in Resources */ = {isa = PBXBuildFile; fileRef = 0EA650AB1B0CC2A000CA1BB2 /* Secondary.xcassets */; };
/* End PBXBuildFile section */

/* Begin PBXContainerItemProxy section */
		0E083F261B04D299009ACEC4 /* PBXContainerItemProxy */ = {
			isa = PBXContainerItemProxy;
			containerPortal = 0E083F041B04D298009ACEC4 /* Project object */;
			proxyType = 1;
			remoteGlobalIDString = 0E083F0B1B04D298009ACEC4;
			remoteInfo = FullXCAssetsTest;
		};
/* End PBXContainerItemProxy section */

/* Begin PBXFileReference section */
		0E083F0C1B04D298009ACEC4 /* MultipleXCAssetsWithoutDefaultTest.app */ = {isa = PBXFileReference; explicitFileType = wrapper.application; includeInIndex = 0; path = MultipleXCAssetsWithoutDefaultTest.app; sourceTree = BUILT_PRODUCTS_DIR; };
		0E083F251B04D299009ACEC4 /* MultipleXCAssetsWithoutDefaultTestTests.xctest */ = {isa = PBXFileReference; explicitFileType = wrapper.cfbundle; includeInIndex = 0; path = MultipleXCAssetsWithoutDefaultTestTests.xctest; sourceTree = BUILT_PRODUCTS_DIR; };
		0EA650991B0CC25C00CA1BB2 /* AppDelegate.h */ = {isa = PBXFileReference; fileEncoding = 4; lastKnownFileType = sourcecode.c.h; path = AppDelegate.h; sourceTree = "<group>"; };
		0EA6509A1B0CC25C00CA1BB2 /* AppDelegate.m */ = {isa = PBXFileReference; fileEncoding = 4; lastKnownFileType = sourcecode.c.objc; path = AppDelegate.m; sourceTree = "<group>"; };
		0EA6509C1B0CC25C00CA1BB2 /* Base */ = {isa = PBXFileReference; lastKnownFileType = file.xib; name = Base; path = Base.lproj/LaunchScreen.xib; sourceTree = "<group>"; };
		0EA6509E1B0CC25C00CA1BB2 /* Base */ = {isa = PBXFileReference; lastKnownFileType = file.storyboard; name = Base; path = Base.lproj/Main.storyboard; sourceTree = "<group>"; };
		0EA6509F1B0CC25C00CA1BB2 /* NotDefault.xcassets */ = {isa = PBXFileReference; lastKnownFileType = folder.assetcatalog; path = NotDefault.xcassets; sourceTree = "<group>"; };
		0EA650A01B0CC25C00CA1BB2 /* Info.plist */ = {isa = PBXFileReference; fileEncoding = 4; lastKnownFileType = text.plist.xml; path = Info.plist; sourceTree = "<group>"; };
		0EA650A11B0CC25C00CA1BB2 /* main.m */ = {isa = PBXFileReference; fileEncoding = 4; lastKnownFileType = sourcecode.c.objc; path = main.m; sourceTree = "<group>"; };
		0EA650A21B0CC25C00CA1BB2 /* ViewController.h */ = {isa = PBXFileReference; fileEncoding = 4; lastKnownFileType = sourcecode.c.h; path = ViewController.h; sourceTree = "<group>"; };
		0EA650A31B0CC25C00CA1BB2 /* ViewController.m */ = {isa = PBXFileReference; fileEncoding = 4; lastKnownFileType = sourcecode.c.objc; path = ViewController.m; sourceTree = "<group>"; };
		0EA650AB1B0CC2A000CA1BB2 /* Secondary.xcassets */ = {isa = PBXFileReference; lastKnownFileType = folder.assetcatalog; path = Secondary.xcassets; sourceTree = "<group>"; };
/* End PBXFileReference section */

/* Begin PBXFrameworksBuildPhase section */
		0E083F091B04D298009ACEC4 /* Frameworks */ = {
			isa = PBXFrameworksBuildPhase;
			buildActionMask = 2147483647;
			files = (
			);
			runOnlyForDeploymentPostprocessing = 0;
		};
		0E083F221B04D299009ACEC4 /* Frameworks */ = {
			isa = PBXFrameworksBuildPhase;
			buildActionMask = 2147483647;
			files = (
			);
			runOnlyForDeploymentPostprocessing = 0;
		};
/* End PBXFrameworksBuildPhase section */

/* Begin PBXGroup section */
		0E083F031B04D298009ACEC4 = {
			isa = PBXGroup;
			children = (
				0EA650981B0CC25C00CA1BB2 /* MultipleXCAssetsWithoutDefault */,
				0E083F0D1B04D298009ACEC4 /* Products */,
			);
			sourceTree = "<group>";
		};
		0E083F0D1B04D298009ACEC4 /* Products */ = {
			isa = PBXGroup;
			children = (
				0E083F0C1B04D298009ACEC4 /* MultipleXCAssetsWithoutDefaultTest.app */,
				0E083F251B04D299009ACEC4 /* MultipleXCAssetsWithoutDefaultTestTests.xctest */,
			);
			name = Products;
			sourceTree = "<group>";
		};
		0EA650981B0CC25C00CA1BB2 /* MultipleXCAssetsWithoutDefault */ = {
			isa = PBXGroup;
			children = (
				0EA650991B0CC25C00CA1BB2 /* AppDelegate.h */,
				0EA6509A1B0CC25C00CA1BB2 /* AppDelegate.m */,
				0EA6509B1B0CC25C00CA1BB2 /* LaunchScreen.xib */,
				0EA6509D1B0CC25C00CA1BB2 /* Main.storyboard */,
				0EA6509F1B0CC25C00CA1BB2 /* NotDefault.xcassets */,
				0EA650A01B0CC25C00CA1BB2 /* Info.plist */,
				0EA650A11B0CC25C00CA1BB2 /* main.m */,
				0EA650A21B0CC25C00CA1BB2 /* ViewController.h */,
				0EA650A31B0CC25C00CA1BB2 /* ViewController.m */,
				0EA650AB1B0CC2A000CA1BB2 /* Secondary.xcassets */,
			);
			path = MultipleXCAssetsWithoutDefault;
			sourceTree = "<group>";
		};
/* End PBXGroup section */

/* Begin PBXNativeTarget section */
		0E083F0B1B04D298009ACEC4 /* MultipleXCAssetsWithoutDefaultTest */ = {
			isa = PBXNativeTarget;
			buildConfigurationList = 0E083F2F1B04D299009ACEC4 /* Build configuration list for PBXNativeTarget "MultipleXCAssetsWithoutDefaultTest" */;
			buildPhases = (
				0E083F081B04D298009ACEC4 /* Sources */,
				0E083F091B04D298009ACEC4 /* Frameworks */,
				0E083F0A1B04D298009ACEC4 /* Resources */,
			);
			buildRules = (
			);
			dependencies = (
			);
			name = MultipleXCAssetsWithoutDefaultTest;
			productName = FullXCAssetsTest;
			productReference = 0E083F0C1B04D298009ACEC4 /* MultipleXCAssetsWithoutDefaultTest.app */;
			productType = "com.apple.product-type.application";
		};
		0E083F241B04D299009ACEC4 /* MultipleXCAssetsWithoutDefaultTestTests */ = {
			isa = PBXNativeTarget;
			buildConfigurationList = 0E083F321B04D299009ACEC4 /* Build configuration list for PBXNativeTarget "MultipleXCAssetsWithoutDefaultTestTests" */;
			buildPhases = (
				0E083F211B04D299009ACEC4 /* Sources */,
				0E083F221B04D299009ACEC4 /* Frameworks */,
				0E083F231B04D299009ACEC4 /* Resources */,
			);
			buildRules = (
			);
			dependencies = (
				0E083F271B04D299009ACEC4 /* PBXTargetDependency */,
			);
			name = MultipleXCAssetsWithoutDefaultTestTests;
			productName = FullXCAssetsTestTests;
			productReference = 0E083F251B04D299009ACEC4 /* MultipleXCAssetsWithoutDefaultTestTests.xctest */;
			productType = "com.apple.product-type.bundle.unit-test";
		};
/* End PBXNativeTarget section */

/* Begin PBXProject section */
		0E083F041B04D298009ACEC4 /* Project object */ = {
			isa = PBXProject;
			attributes = {
				LastUpgradeCheck = 0630;
				ORGANIZATIONNAME = MichalMizera;
				TargetAttributes = {
					0E083F0B1B04D298009ACEC4 = {
						CreatedOnToolsVersion = 6.3.1;
					};
					0E083F241B04D299009ACEC4 = {
						CreatedOnToolsVersion = 6.3.1;
						TestTargetID = 0E083F0B1B04D298009ACEC4;
					};
				};
			};
			buildConfigurationList = 0E083F071B04D298009ACEC4 /* Build configuration list for PBXProject "MultipleXCAssetsWithoutDefaultTest" */;
			compatibilityVersion = "Xcode 3.2";
			developmentRegion = English;
			hasScannedForEncodings = 0;
			knownRegions = (
				en,
				Base,
			);
			mainGroup = 0E083F031B04D298009ACEC4;
			productRefGroup = 0E083F0D1B04D298009ACEC4 /* Products */;
			projectDirPath = "";
			projectRoot = "";
			targets = (
				0E083F0B1B04D298009ACEC4 /* MultipleXCAssetsWithoutDefaultTest */,
				0E083F241B04D299009ACEC4 /* MultipleXCAssetsWithoutDefaultTestTests */,
			);
		};
/* End PBXProject section */

/* Begin PBXResourcesBuildPhase section */
		0E083F0A1B04D298009ACEC4 /* Resources */ = {
			isa = PBXResourcesBuildPhase;
			buildActionMask = 2147483647;
			files = (
				0EA650A81B0CC25C00CA1BB2 /* Info.plist in Resources */,
				0EA650A71B0CC25C00CA1BB2 /* NotDefault.xcassets in Resources */,
				0EA650A51B0CC25C00CA1BB2 /* LaunchScreen.xib in Resources */,
				0EA650AC1B0CC2A000CA1BB2 /* Secondary.xcassets in Resources */,
				0EA650A61B0CC25C00CA1BB2 /* Main.storyboard in Resources */,
			);
			runOnlyForDeploymentPostprocessing = 0;
		};
		0E083F231B04D299009ACEC4 /* Resources */ = {
			isa = PBXResourcesBuildPhase;
			buildActionMask = 2147483647;
			files = (
			);
			runOnlyForDeploymentPostprocessing = 0;
		};
/* End PBXResourcesBuildPhase section */

/* Begin PBXSourcesBuildPhase section */
		0E083F081B04D298009ACEC4 /* Sources */ = {
			isa = PBXSourcesBuildPhase;
			buildActionMask = 2147483647;
			files = (
				0EA650AA1B0CC25C00CA1BB2 /* ViewController.m in Sources */,
				0EA650A91B0CC25C00CA1BB2 /* main.m in Sources */,
				0EA650A41B0CC25C00CA1BB2 /* AppDelegate.m in Sources */,
			);
			runOnlyForDeploymentPostprocessing = 0;
		};
		0E083F211B04D299009ACEC4 /* Sources */ = {
			isa = PBXSourcesBuildPhase;
			buildActionMask = 2147483647;
			files = (
			);
			runOnlyForDeploymentPostprocessing = 0;
		};
/* End PBXSourcesBuildPhase section */

/* Begin PBXTargetDependency section */
		0E083F271B04D299009ACEC4 /* PBXTargetDependency */ = {
			isa = PBXTargetDependency;
			target = 0E083F0B1B04D298009ACEC4 /* MultipleXCAssetsWithoutDefaultTest */;
			targetProxy = 0E083F261B04D299009ACEC4 /* PBXContainerItemProxy */;
		};
/* End PBXTargetDependency section */

/* Begin PBXVariantGroup section */
		0EA6509B1B0CC25C00CA1BB2 /* LaunchScreen.xib */ = {
			isa = PBXVariantGroup;
			children = (
				0EA6509C1B0CC25C00CA1BB2 /* Base */,
			);
			name = LaunchScreen.xib;
			sourceTree = "<group>";
		};
		0EA6509D1B0CC25C00CA1BB2 /* Main.storyboard */ = {
			isa = PBXVariantGroup;
			children = (
				0EA6509E1B0CC25C00CA1BB2 /* Base */,
			);
			name = Main.storyboard;
			sourceTree = "<group>";
		};
/* End PBXVariantGroup section */

/* Begin XCBuildConfiguration section */
		0E083F2D1B04D299009ACEC4 /* Debug */ = {
			isa = XCBuildConfiguration;
			buildSettings = {
				ALWAYS_SEARCH_USER_PATHS = NO;
				CLANG_CXX_LANGUAGE_STANDARD = "gnu++0x";
				CLANG_CXX_LIBRARY = "libc++";
				CLANG_ENABLE_MODULES = YES;
				CLANG_ENABLE_OBJC_ARC = YES;
				CLANG_WARN_BOOL_CONVERSION = YES;
				CLANG_WARN_CONSTANT_CONVERSION = YES;
				CLANG_WARN_DIRECT_OBJC_ISA_USAGE = YES_ERROR;
				CLANG_WARN_EMPTY_BODY = YES;
				CLANG_WARN_ENUM_CONVERSION = YES;
				CLANG_WARN_INT_CONVERSION = YES;
				CLANG_WARN_OBJC_ROOT_CLASS = YES_ERROR;
				CLANG_WARN_UNREACHABLE_CODE = YES;
				CLANG_WARN__DUPLICATE_METHOD_MATCH = YES;
				"CODE_SIGN_IDENTITY[sdk=iphoneos*]" = "iPhone Developer";
				COPY_PHASE_STRIP = NO;
				DEBUG_INFORMATION_FORMAT = "dwarf-with-dsym";
				ENABLE_STRICT_OBJC_MSGSEND = YES;
				GCC_C_LANGUAGE_STANDARD = gnu99;
				GCC_DYNAMIC_NO_PIC = NO;
				GCC_NO_COMMON_BLOCKS = YES;
				GCC_OPTIMIZATION_LEVEL = 0;
				GCC_PREPROCESSOR_DEFINITIONS = (
					"DEBUG=1",
					"$(inherited)",
				);
				GCC_SYMBOLS_PRIVATE_EXTERN = NO;
				GCC_WARN_64_TO_32_BIT_CONVERSION = YES;
				GCC_WARN_ABOUT_RETURN_TYPE = YES_ERROR;
				GCC_WARN_UNDECLARED_SELECTOR = YES;
				GCC_WARN_UNINITIALIZED_AUTOS = YES_AGGRESSIVE;
				GCC_WARN_UNUSED_FUNCTION = YES;
				GCC_WARN_UNUSED_VARIABLE = YES;
				IPHONEOS_DEPLOYMENT_TARGET = 8.3;
				MTL_ENABLE_DEBUG_INFO = YES;
				ONLY_ACTIVE_ARCH = YES;
				SDKROOT = iphoneos;
				TARGETED_DEVICE_FAMILY = "1,2";
			};
			name = Debug;
		};
		0E083F2E1B04D299009ACEC4 /* Release */ = {
			isa = XCBuildConfiguration;
			buildSettings = {
				ALWAYS_SEARCH_USER_PATHS = NO;
				CLANG_CXX_LANGUAGE_STANDARD = "gnu++0x";
				CLANG_CXX_LIBRARY = "libc++";
				CLANG_ENABLE_MODULES = YES;
				CLANG_ENABLE_OBJC_ARC = YES;
				CLANG_WARN_BOOL_CONVERSION = YES;
				CLANG_WARN_CONSTANT_CONVERSION = YES;
				CLANG_WARN_DIRECT_OBJC_ISA_USAGE = YES_ERROR;
				CLANG_WARN_EMPTY_BODY = YES;
				CLANG_WARN_ENUM_CONVERSION = YES;
				CLANG_WARN_INT_CONVERSION = YES;
				CLANG_WARN_OBJC_ROOT_CLASS = YES_ERROR;
				CLANG_WARN_UNREACHABLE_CODE = YES;
				CLANG_WARN__DUPLICATE_METHOD_MATCH = YES;
				"CODE_SIGN_IDENTITY[sdk=iphoneos*]" = "iPhone Developer";
				COPY_PHASE_STRIP = NO;
				DEBUG_INFORMATION_FORMAT = "dwarf-with-dsym";
				ENABLE_NS_ASSERTIONS = NO;
				ENABLE_STRICT_OBJC_MSGSEND = YES;
				GCC_C_LANGUAGE_STANDARD = gnu99;
				GCC_NO_COMMON_BLOCKS = YES;
				GCC_WARN_64_TO_32_BIT_CONVERSION = YES;
				GCC_WARN_ABOUT_RETURN_TYPE = YES_ERROR;
				GCC_WARN_UNDECLARED_SELECTOR = YES;
				GCC_WARN_UNINITIALIZED_AUTOS = YES_AGGRESSIVE;
				GCC_WARN_UNUSED_FUNCTION = YES;
				GCC_WARN_UNUSED_VARIABLE = YES;
				IPHONEOS_DEPLOYMENT_TARGET = 8.3;
				MTL_ENABLE_DEBUG_INFO = NO;
				SDKROOT = iphoneos;
				TARGETED_DEVICE_FAMILY = "1,2";
				VALIDATE_PRODUCT = YES;
			};
			name = Release;
		};
		0E083F301B04D299009ACEC4 /* Debug */ = {
			isa = XCBuildConfiguration;
			buildSettings = {
				ASSETCATALOG_COMPILER_APPICON_NAME = AppIcon;
				INFOPLIST_FILE = FullXCAssetsTest/Info.plist;
				LD_RUNPATH_SEARCH_PATHS = "$(inherited) @executable_path/Frameworks";
				PRODUCT_NAME = MultipleXCAssetsWithoutDefaultTest;
			};
			name = Debug;
		};
		0E083F311B04D299009ACEC4 /* Release */ = {
			isa = XCBuildConfiguration;
			buildSettings = {
				ASSETCATALOG_COMPILER_APPICON_NAME = AppIcon;
				INFOPLIST_FILE = FullXCAssetsTest/Info.plist;
				LD_RUNPATH_SEARCH_PATHS = "$(inherited) @executable_path/Frameworks";
				PRODUCT_NAME = MultipleXCAssetsWithoutDefaultTest;
			};
			name = Release;
		};
		0E083F331B04D299009ACEC4 /* Debug */ = {
			isa = XCBuildConfiguration;
			buildSettings = {
				BUNDLE_LOADER = "$(TEST_HOST)";
				FRAMEWORK_SEARCH_PATHS = (
					"$(SDKROOT)/Developer/Library/Frameworks",
					"$(inherited)",
				);
				GCC_PREPROCESSOR_DEFINITIONS = (
					"DEBUG=1",
					"$(inherited)",
				);
				INFOPLIST_FILE = FullXCAssetsTestTests/Info.plist;
				LD_RUNPATH_SEARCH_PATHS = "$(inherited) @executable_path/Frameworks @loader_path/Frameworks";
				PRODUCT_NAME = MultipleXCAssetsWithoutDefaultTestTests;
				TEST_HOST = "$(BUILT_PRODUCTS_DIR)/FullXCAssetsTest.app/FullXCAssetsTest";
			};
			name = Debug;
		};
		0E083F341B04D299009ACEC4 /* Release */ = {
			isa = XCBuildConfiguration;
			buildSettings = {
				BUNDLE_LOADER = "$(TEST_HOST)";
				FRAMEWORK_SEARCH_PATHS = (
					"$(SDKROOT)/Developer/Library/Frameworks",
					"$(inherited)",
				);
				INFOPLIST_FILE = FullXCAssetsTestTests/Info.plist;
				LD_RUNPATH_SEARCH_PATHS = "$(inherited) @executable_path/Frameworks @loader_path/Frameworks";
				PRODUCT_NAME = MultipleXCAssetsWithoutDefaultTestTests;
				TEST_HOST = "$(BUILT_PRODUCTS_DIR)/FullXCAssetsTest.app/FullXCAssetsTest";
			};
			name = Release;
		};
/* End XCBuildConfiguration section */

/* Begin XCConfigurationList section */
		0E083F071B04D298009ACEC4 /* Build configuration list for PBXProject "MultipleXCAssetsWithoutDefaultTest" */ = {
			isa = XCConfigurationList;
			buildConfigurations = (
				0E083F2D1B04D299009ACEC4 /* Debug */,
				0E083F2E1B04D299009ACEC4 /* Release */,
			);
			defaultConfigurationIsVisible = 0;
			defaultConfigurationName = Release;
		};
		0E083F2F1B04D299009ACEC4 /* Build configuration list for PBXNativeTarget "MultipleXCAssetsWithoutDefaultTest" */ = {
			isa = XCConfigurationList;
			buildConfigurations = (
				0E083F301B04D299009ACEC4 /* Debug */,
				0E083F311B04D299009ACEC4 /* Release */,
			);
			defaultConfigurationIsVisible = 0;
			defaultConfigurationName = Release;
		};
		0E083F321B04D299009ACEC4 /* Build configuration list for PBXNativeTarget "MultipleXCAssetsWithoutDefaultTestTests" */ = {
			isa = XCConfigurationList;
			buildConfigurations = (
				0E083F331B04D299009ACEC4 /* Debug */,
				0E083F341B04D299009ACEC4 /* Release */,
			);
			defaultConfigurationIsVisible = 0;
			defaultConfigurationName = Release;
		};
/* End XCConfigurationList section */
	};
	rootObject = 0E083F041B04D298009ACEC4 /* Project object */;
}
