// !$*UTF8*$!
{
	archiveVersion = 1;
	classes = {
	};
	objectVersion = 46;
	objects = {

/* Begin PBXBuildFile section */
		0EA6506D1B0CC02300CA1BB2 /* SingleXCAssetsTest in Resources */ = {isa = PBXBuildFile; fileRef = 0EA6506C1B0CC02300CA1BB2 /* SingleXCAssetsTest */; };
/* End PBXBuildFile section */

/* Begin PBXContainerItemProxy section */
		0E083EC01B04CB1C009ACEC4 /* PBXContainerItemProxy */ = {
			isa = PBXContainerItemProxy;
			containerPortal = 0E083E9E1B04CB1B009ACEC4 /* Project object */;
			proxyType = 1;
			remoteGlobalIDString = 0E083EA51B04CB1B009ACEC4;
			remoteInfo = NoXCAssetsTest;
		};
/* End PBXContainerItemProxy section */

/* Begin PBXFileReference section */
		0E083EA61B04CB1B009ACEC4 /* SingleXCAssetsTest.app */ = {isa = PBXFileReference; explicitFileType = wrapper.application; includeInIndex = 0; path = SingleXCAssetsTest.app; sourceTree = BUILT_PRODUCTS_DIR; };
		0E083EBF1B04CB1C009ACEC4 /* SingleXCAssetsTestTests.xctest */ = {isa = PBXFileReference; explicitFileType = wrapper.cfbundle; includeInIndex = 0; path = SingleXCAssetsTestTests.xctest; sourceTree = BUILT_PRODUCTS_DIR; };
		0EA6506C1B0CC02300CA1BB2 /* SingleXCAssetsTest */ = {isa = PBXFileReference; lastKnownFileType = folder; path = SingleXCAssetsTest; sourceTree = "<group>"; };
/* End PBXFileReference section */

/* Begin PBXFrameworksBuildPhase section */
		0E083EA31B04CB1B009ACEC4 /* Frameworks */ = {
			isa = PBXFrameworksBuildPhase;
			buildActionMask = 2147483647;
			files = (
			);
			runOnlyForDeploymentPostprocessing = 0;
		};
		0E083EBC1B04CB1C009ACEC4 /* Frameworks */ = {
			isa = PBXFrameworksBuildPhase;
			buildActionMask = 2147483647;
			files = (
			);
			runOnlyForDeploymentPostprocessing = 0;
		};
/* End PBXFrameworksBuildPhase section */

/* Begin PBXGroup section */
		0E083E9D1B04CB1B009ACEC4 = {
			isa = PBXGroup;
			children = (
				0EA6506C1B0CC02300CA1BB2 /* SingleXCAssetsTest */,
				0E083EA71B04CB1B009ACEC4 /* Products */,
			);
			sourceTree = "<group>";
		};
		0E083EA71B04CB1B009ACEC4 /* Products */ = {
			isa = PBXGroup;
			children = (
				0E083EA61B04CB1B009ACEC4 /* SingleXCAssetsTest.app */,
				0E083EBF1B04CB1C009ACEC4 /* SingleXCAssetsTestTests.xctest */,
			);
			name = Products;
			sourceTree = "<group>";
		};
/* End PBXGroup section */

/* Begin PBXNativeTarget section */
		0E083EA51B04CB1B009ACEC4 /* SingleXCAssetsTest */ = {
			isa = PBXNativeTarget;
			buildConfigurationList = 0E083EC91B04CB1C009ACEC4 /* Build configuration list for PBXNativeTarget "SingleXCAssetsTest" */;
			buildPhases = (
				0E083EA21B04CB1B009ACEC4 /* Sources */,
				0E083EA31B04CB1B009ACEC4 /* Frameworks */,
				0E083EA41B04CB1B009ACEC4 /* Resources */,
			);
			buildRules = (
			);
			dependencies = (
			);
			name = SingleXCAssetsTest;
			productName = NoXCAssetsTest;
			productReference = 0E083EA61B04CB1B009ACEC4 /* SingleXCAssetsTest.app */;
			productType = "com.apple.product-type.application";
		};
		0E083EBE1B04CB1C009ACEC4 /* SingleXCAssetsTestTests */ = {
			isa = PBXNativeTarget;
			buildConfigurationList = 0E083ECC1B04CB1C009ACEC4 /* Build configuration list for PBXNativeTarget "SingleXCAssetsTestTests" */;
			buildPhases = (
				0E083EBB1B04CB1C009ACEC4 /* Sources */,
				0E083EBC1B04CB1C009ACEC4 /* Frameworks */,
				0E083EBD1B04CB1C009ACEC4 /* Resources */,
			);
			buildRules = (
			);
			dependencies = (
				0E083EC11B04CB1C009ACEC4 /* PBXTargetDependency */,
			);
			name = SingleXCAssetsTestTests;
			productName = NoXCAssetsTestTests;
			productReference = 0E083EBF1B04CB1C009ACEC4 /* SingleXCAssetsTestTests.xctest */;
			productType = "com.apple.product-type.bundle.unit-test";
		};
/* End PBXNativeTarget section */

/* Begin PBXProject section */
		0E083E9E1B04CB1B009ACEC4 /* Project object */ = {
			isa = PBXProject;
			attributes = {
				LastUpgradeCheck = 0630;
				ORGANIZATIONNAME = MichalMizera;
				TargetAttributes = {
					0E083EA51B04CB1B009ACEC4 = {
						CreatedOnToolsVersion = 6.3.1;
					};
					0E083EBE1B04CB1C009ACEC4 = {
						CreatedOnToolsVersion = 6.3.1;
						TestTargetID = 0E083EA51B04CB1B009ACEC4;
					};
				};
			};
			buildConfigurationList = 0E083EA11B04CB1B009ACEC4 /* Build configuration list for PBXProject "SingleXCAssetsTest" */;
			compatibilityVersion = "Xcode 3.2";
			developmentRegion = English;
			hasScannedForEncodings = 0;
			knownRegions = (
				en,
				Base,
			);
			mainGroup = 0E083E9D1B04CB1B009ACEC4;
			productRefGroup = 0E083EA71B04CB1B009ACEC4 /* Products */;
			projectDirPath = "";
			projectRoot = "";
			targets = (
				0E083EA51B04CB1B009ACEC4 /* SingleXCAssetsTest */,
				0E083EBE1B04CB1C009ACEC4 /* SingleXCAssetsTestTests */,
			);
		};
/* End PBXProject section */

/* Begin PBXResourcesBuildPhase section */
		0E083EA41B04CB1B009ACEC4 /* Resources */ = {
			isa = PBXResourcesBuildPhase;
			buildActionMask = 2147483647;
			files = (
				0EA6506D1B0CC02300CA1BB2 /* SingleXCAssetsTest in Resources */,
			);
			runOnlyForDeploymentPostprocessing = 0;
		};
		0E083EBD1B04CB1C009ACEC4 /* Resources */ = {
			isa = PBXResourcesBuildPhase;
			buildActionMask = 2147483647;
			files = (
			);
			runOnlyForDeploymentPostprocessing = 0;
		};
/* End PBXResourcesBuildPhase section */

/* Begin PBXSourcesBuildPhase section */
		0E083EA21B04CB1B009ACEC4 /* Sources */ = {
			isa = PBXSourcesBuildPhase;
			buildActionMask = 2147483647;
			files = (
			);
			runOnlyForDeploymentPostprocessing = 0;
		};
		0E083EBB1B04CB1C009ACEC4 /* Sources */ = {
			isa = PBXSourcesBuildPhase;
			buildActionMask = 2147483647;
			files = (
			);
			runOnlyForDeploymentPostprocessing = 0;
		};
/* End PBXSourcesBuildPhase section */

/* Begin PBXTargetDependency section */
		0E083EC11B04CB1C009ACEC4 /* PBXTargetDependency */ = {
			isa = PBXTargetDependency;
			target = 0E083EA51B04CB1B009ACEC4 /* SingleXCAssetsTest */;
			targetProxy = 0E083EC01B04CB1C009ACEC4 /* PBXContainerItemProxy */;
		};
/* End PBXTargetDependency section */

/* Begin XCBuildConfiguration section */
		0E083EC71B04CB1C009ACEC4 /* Debug */ = {
			isa = XCBuildConfiguration;
			buildSettings = {
				ALWAYS_SEARCH_USER_PATHS = NO;
				CLANG_CXX_LANGUAGE_STANDARD = "gnu++0x";
				CLANG_CXX_LIBRARY = "libc++";
				CLANG_ENABLE_MODULES = YES;
				CLANG_ENABLE_OBJC_ARC = YES;
				CLANG_WARN_BOOL_CONVERSION = YES;
				CLANG_WARN_CONSTANT_CONVERSION = YES;
				CLANG_WARN_DIRECT_OBJC_ISA_USAGE = YES_ERROR;
				CLANG_WARN_EMPTY_BODY = YES;
				CLANG_WARN_ENUM_CONVERSION = YES;
				CLANG_WARN_INT_CONVERSION = YES;
				CLANG_WARN_OBJC_ROOT_CLASS = YES_ERROR;
				CLANG_WARN_UNREACHABLE_CODE = YES;
				CLANG_WARN__DUPLICATE_METHOD_MATCH = YES;
				"CODE_SIGN_IDENTITY[sdk=iphoneos*]" = "iPhone Developer";
				COPY_PHASE_STRIP = NO;
				DEBUG_INFORMATION_FORMAT = "dwarf-with-dsym";
				ENABLE_STRICT_OBJC_MSGSEND = YES;
				GCC_C_LANGUAGE_STANDARD = gnu99;
				GCC_DYNAMIC_NO_PIC = NO;
				GCC_NO_COMMON_BLOCKS = YES;
				GCC_OPTIMIZATION_LEVEL = 0;
				GCC_PREPROCESSOR_DEFINITIONS = (
					"DEBUG=1",
					"$(inherited)",
				);
				GCC_SYMBOLS_PRIVATE_EXTERN = NO;
				GCC_WARN_64_TO_32_BIT_CONVERSION = YES;
				GCC_WARN_ABOUT_RETURN_TYPE = YES_ERROR;
				GCC_WARN_UNDECLARED_SELECTOR = YES;
				GCC_WARN_UNINITIALIZED_AUTOS = YES_AGGRESSIVE;
				GCC_WARN_UNUSED_FUNCTION = YES;
				GCC_WARN_UNUSED_VARIABLE = YES;
				IPHONEOS_DEPLOYMENT_TARGET = 8.3;
				MTL_ENABLE_DEBUG_INFO = YES;
				ONLY_ACTIVE_ARCH = YES;
				SDKROOT = iphoneos;
				TARGETED_DEVICE_FAMILY = "1,2";
			};
			name = Debug;
		};
		0E083EC81B04CB1C009ACEC4 /* Release */ = {
			isa = XCBuildConfiguration;
			buildSettings = {
				ALWAYS_SEARCH_USER_PATHS = NO;
				CLANG_CXX_LANGUAGE_STANDARD = "gnu++0x";
				CLANG_CXX_LIBRARY = "libc++";
				CLANG_ENABLE_MODULES = YES;
				CLANG_ENABLE_OBJC_ARC = YES;
				CLANG_WARN_BOOL_CONVERSION = YES;
				CLANG_WARN_CONSTANT_CONVERSION = YES;
				CLANG_WARN_DIRECT_OBJC_ISA_USAGE = YES_ERROR;
				CLANG_WARN_EMPTY_BODY = YES;
				CLANG_WARN_ENUM_CONVERSION = YES;
				CLANG_WARN_INT_CONVERSION = YES;
				CLANG_WARN_OBJC_ROOT_CLASS = YES_ERROR;
				CLANG_WARN_UNREACHABLE_CODE = YES;
				CLANG_WARN__DUPLICATE_METHOD_MATCH = YES;
				"CODE_SIGN_IDENTITY[sdk=iphoneos*]" = "iPhone Developer";
				COPY_PHASE_STRIP = NO;
				DEBUG_INFORMATION_FORMAT = "dwarf-with-dsym";
				ENABLE_NS_ASSERTIONS = NO;
				ENABLE_STRICT_OBJC_MSGSEND = YES;
				GCC_C_LANGUAGE_STANDARD = gnu99;
				GCC_NO_COMMON_BLOCKS = YES;
				GCC_WARN_64_TO_32_BIT_CONVERSION = YES;
				GCC_WARN_ABOUT_RETURN_TYPE = YES_ERROR;
				GCC_WARN_UNDECLARED_SELECTOR = YES;
				GCC_WARN_UNINITIALIZED_AUTOS = YES_AGGRESSIVE;
				GCC_WARN_UNUSED_FUNCTION = YES;
				GCC_WARN_UNUSED_VARIABLE = YES;
				IPHONEOS_DEPLOYMENT_TARGET = 8.3;
				MTL_ENABLE_DEBUG_INFO = NO;
				SDKROOT = iphoneos;
				TARGETED_DEVICE_FAMILY = "1,2";
				VALIDATE_PRODUCT = YES;
			};
			name = Release;
		};
		0E083ECA1B04CB1C009ACEC4 /* Debug */ = {
			isa = XCBuildConfiguration;
			buildSettings = {
				ASSETCATALOG_COMPILER_APPICON_NAME = AppIcon;
				INFOPLIST_FILE = NoXCAssetsTest/Info.plist;
				LD_RUNPATH_SEARCH_PATHS = "$(inherited) @executable_path/Frameworks";
				PRODUCT_NAME = SingleXCAssetsTest;
			};
			name = Debug;
		};
		0E083ECB1B04CB1C009ACEC4 /* Release */ = {
			isa = XCBuildConfiguration;
			buildSettings = {
				ASSETCATALOG_COMPILER_APPICON_NAME = AppIcon;
				INFOPLIST_FILE = NoXCAssetsTest/Info.plist;
				LD_RUNPATH_SEARCH_PATHS = "$(inherited) @executable_path/Frameworks";
				PRODUCT_NAME = SingleXCAssetsTest;
			};
			name = Release;
		};
		0E083ECD1B04CB1C009ACEC4 /* Debug */ = {
			isa = XCBuildConfiguration;
			buildSettings = {
				BUNDLE_LOADER = "$(TEST_HOST)";
				FRAMEWORK_SEARCH_PATHS = (
					"$(SDKROOT)/Developer/Library/Frameworks",
					"$(inherited)",
				);
				GCC_PREPROCESSOR_DEFINITIONS = (
					"DEBUG=1",
					"$(inherited)",
				);
				INFOPLIST_FILE = NoXCAssetsTestTests/Info.plist;
				LD_RUNPATH_SEARCH_PATHS = "$(inherited) @executable_path/Frameworks @loader_path/Frameworks";
				PRODUCT_NAME = SingleXCAssetsTestTests;
				TEST_HOST = "$(BUILT_PRODUCTS_DIR)/NoXCAssetsTest.app/NoXCAssetsTest";
			};
			name = Debug;
		};
		0E083ECE1B04CB1C009ACEC4 /* Release */ = {
			isa = XCBuildConfiguration;
			buildSettings = {
				BUNDLE_LOADER = "$(TEST_HOST)";
				FRAMEWORK_SEARCH_PATHS = (
					"$(SDKROOT)/Developer/Library/Frameworks",
					"$(inherited)",
				);
				INFOPLIST_FILE = NoXCAssetsTestTests/Info.plist;
				LD_RUNPATH_SEARCH_PATHS = "$(inherited) @executable_path/Frameworks @loader_path/Frameworks";
				PRODUCT_NAME = SingleXCAssetsTestTests;
				TEST_HOST = "$(BUILT_PRODUCTS_DIR)/NoXCAssetsTest.app/NoXCAssetsTest";
			};
			name = Release;
		};
/* End XCBuildConfiguration section */

/* Begin XCConfigurationList section */
		0E083EA11B04CB1B009ACEC4 /* Build configuration list for PBXProject "SingleXCAssetsTest" */ = {
			isa = XCConfigurationList;
			buildConfigurations = (
				0E083EC71B04CB1C009ACEC4 /* Debug */,
				0E083EC81B04CB1C009ACEC4 /* Release */,
			);
			defaultConfigurationIsVisible = 0;
			defaultConfigurationName = Release;
		};
		0E083EC91B04CB1C009ACEC4 /* Build configuration list for PBXNativeTarget "SingleXCAssetsTest" */ = {
			isa = XCConfigurationList;
			buildConfigurations = (
				0E083ECA1B04CB1C009ACEC4 /* Debug */,
				0E083ECB1B04CB1C009ACEC4 /* Release */,
			);
			defaultConfigurationIsVisible = 0;
			defaultConfigurationName = Release;
		};
		0E083ECC1B04CB1C009ACEC4 /* Build configuration list for PBXNativeTarget "SingleXCAssetsTestTests" */ = {
			isa = XCConfigurationList;
			buildConfigurations = (
				0E083ECD1B04CB1C009ACEC4 /* Debug */,
				0E083ECE1B04CB1C009ACEC4 /* Release */,
			);
			defaultConfigurationIsVisible = 0;
			defaultConfigurationName = Release;
		};
/* End XCConfigurationList section */
	};
	rootObject = 0E083E9E1B04CB1B009ACEC4 /* Project object */;
}
